<?xml version="1.0" encoding="utf-8"?>
<Project ToolsVersion="4.0" xmlns="http://schemas.microsoft.com/developer/msbuild/2003">
  <ItemGroup>
    <Filter Include="Source Files">
      <UniqueIdentifier>{4FC737F1-C7A5-4376-A066-2A32D752A2FF}</UniqueIdentifier>
      <Extensions>cpp;c;cc;cxx;def;odl;idl;hpj;bat;asm;asmx</Extensions>
    </Filter>
    <Filter Include="Header Files">
      <UniqueIdentifier>{93995380-89BD-4b04-88EB-625FBE52EBFB}</UniqueIdentifier>
      <Extensions>h;hh;hpp;hxx;hm;inl;inc;ipp;xsd</Extensions>
    </Filter>
    <Filter Include="Resource Files">
      <UniqueIdentifier>{67DA6AB6-F800-4c08-8B7A-83BB121AAD01}</UniqueIdentifier>
      <Extensions>rc;ico;cur;bmp;dlg;rc2;rct;bin;rgs;gif;jpg;jpeg;jpe;resx;tiff;tif;png;wav;mfcribbon-ms</Extensions>
    </Filter>
    <Filter Include="Header Files\ImGUI">
      <UniqueIdentifier>{6d997ba5-4b93-4f7e-8248-b9e8e1e5721a}</UniqueIdentifier>
    </Filter>
    <Filter Include="Source Files\ImGUI">
      <UniqueIdentifier>{c4eccc6f-81b5-49c4-b1a0-8c8a31d1f80f}</UniqueIdentifier>
    </Filter>
    <Filter Include="Header Files\MVC">
      <UniqueIdentifier>{d32fa1c7-06c5-4536-88b7-68f8cc564990}</UniqueIdentifier>
    </Filter>
    <Filter Include="Source Files\MVC">
      <UniqueIdentifier>{288add81-74d0-421a-ba13-aee8a27a3f00}</UniqueIdentifier>
    </Filter>
    <Filter Include="Header Files\Blockchain">
      <UniqueIdentifier>{d254b7af-4985-43a5-b5fc-7268e07f75d4}</UniqueIdentifier>
    </Filter>
    <Filter Include="Header Files\Server">
      <UniqueIdentifier>{6bf846b6-3836-4578-a2b1-62dcbc04214c}</UniqueIdentifier>
    </Filter>
    <Filter Include="Source Files\Blockchain">
      <UniqueIdentifier>{d58930a0-e344-426f-b2dd-2e0f77ecbfa5}</UniqueIdentifier>
    </Filter>
    <Filter Include="Source Files\Server">
      <UniqueIdentifier>{14106e6a-166e-4b97-a2da-c30c5652fb42}</UniqueIdentifier>
    </Filter>
  </ItemGroup>
  <ItemGroup>
    <ClInclude Include="BlockViewerController.h">
      <Filter>Header Files</Filter>
    </ClInclude>
    <ClInclude Include="ImGuiController.h">
      <Filter>Header Files</Filter>
    </ClInclude>
    <ClInclude Include="ImGuiObserverManager.h">
      <Filter>Header Files</Filter>
    </ClInclude>
    <ClInclude Include="json.hpp">
      <Filter>Header Files</Filter>
    </ClInclude>
    <ClInclude Include="JsonController.h">
      <Filter>Header Files</Filter>
    </ClInclude>
    <ClInclude Include="ObserverManager.h">
      <Filter>Header Files</Filter>
    </ClInclude>
    <ClInclude Include="imgui_impl_allegro5.h">
      <Filter>Header Files\ImGUI</Filter>
    </ClInclude>
    <ClInclude Include="imgui.h">
      <Filter>Header Files\ImGUI</Filter>
    </ClInclude>
    <ClInclude Include="imconfig_allegro5.h">
      <Filter>Header Files\ImGUI</Filter>
    </ClInclude>
    <ClInclude Include="imconfig.h">
      <Filter>Header Files\ImGUI</Filter>
    </ClInclude>
    <ClInclude Include="imstb_truetype.h">
      <Filter>Header Files\ImGUI</Filter>
    </ClInclude>
    <ClInclude Include="imstb_textedit.h">
      <Filter>Header Files\ImGUI</Filter>
    </ClInclude>
    <ClInclude Include="imstb_rectpack.h">
      <Filter>Header Files\ImGUI</Filter>
    </ClInclude>
    <ClInclude Include="imgui_internal.h">
      <Filter>Header Files\ImGUI</Filter>
    </ClInclude>
    <ClInclude Include="Observer.h">
      <Filter>Header Files\MVC</Filter>
    </ClInclude>
    <ClInclude Include="Subject.h">
      <Filter>Header Files\MVC</Filter>
    </ClInclude>
    <ClInclude Include="Block.h">
      <Filter>Header Files\Blockchain</Filter>
    </ClInclude>
    <ClInclude Include="BlockchainModel.h">
      <Filter>Header Files\Blockchain</Filter>
    </ClInclude>
    <ClInclude Include="FullNode.h">
      <Filter>Header Files\Blockchain</Filter>
    </ClInclude>
    <ClInclude Include="LocalNodes.h">
      <Filter>Header Files\Blockchain</Filter>
    </ClInclude>
    <ClInclude Include="Node.h">
      <Filter>Header Files\Blockchain</Filter>
    </ClInclude>
    <ClInclude Include="SPVNode.h">
      <Filter>Header Files\Blockchain</Filter>
    </ClInclude>
    <ClInclude Include="NodeController.h">
      <Filter>Header Files</Filter>
    </ClInclude>
    <ClInclude Include="Server.h">
      <Filter>Header Files\Server</Filter>
    </ClInclude>
    <ClInclude Include="Controller.h">
      <Filter>Header Files\MVC</Filter>
    </ClInclude>
    <ClInclude Include="BlockViewer.h">
      <Filter>Header Files</Filter>
    </ClInclude>
    <ClInclude Include="MinerNode.h">
      <Filter>Header Files\Blockchain</Filter>
    </ClInclude>
  </ItemGroup>
  <ItemGroup>
    <ClCompile Include="BlockViewerController.cpp">
      <Filter>Source Files</Filter>
    </ClCompile>
    <ClCompile Include="ImGuiController.cpp">
      <Filter>Source Files</Filter>
    </ClCompile>
    <ClCompile Include="ImGuiObserverManager.cpp">
      <Filter>Source Files</Filter>
    </ClCompile>
    <ClCompile Include="JsonController.cpp">
      <Filter>Source Files</Filter>
    </ClCompile>
    <ClCompile Include="main.cpp">
      <Filter>Source Files</Filter>
    </ClCompile>
    <ClCompile Include="imgui.cpp">
      <Filter>Source Files\ImGUI</Filter>
    </ClCompile>
    <ClCompile Include="imgui_demo.cpp">
      <Filter>Source Files\ImGUI</Filter>
    </ClCompile>
    <ClCompile Include="imgui_draw.cpp">
      <Filter>Source Files\ImGUI</Filter>
    </ClCompile>
    <ClCompile Include="imgui_impl_allegro5.cpp">
      <Filter>Source Files\ImGUI</Filter>
    </ClCompile>
    <ClCompile Include="imgui_widgets.cpp">
      <Filter>Source Files\ImGUI</Filter>
    </ClCompile>
    <ClCompile Include="Subject.cpp">
      <Filter>Source Files\MVC</Filter>
    </ClCompile>
    <ClCompile Include="NodeController.cpp">
      <Filter>Source Files</Filter>
    </ClCompile>
    <ClCompile Include="Block.cpp">
      <Filter>Source Files\Blockchain</Filter>
    </ClCompile>
    <ClCompile Include="BlockchainModel.cpp">
      <Filter>Source Files\Blockchain</Filter>
    </ClCompile>
    <ClCompile Include="FullNode.cpp">
      <Filter>Source Files\Blockchain</Filter>
    </ClCompile>
    <ClCompile Include="Node.cpp">
      <Filter>Source Files\Blockchain</Filter>
    </ClCompile>
    <ClCompile Include="SPVNode.cpp">
      <Filter>Source Files\Blockchain</Filter>
    </ClCompile>
    <ClCompile Include="LocalNodes.cpp">
      <Filter>Source Files\Blockchain</Filter>
    </ClCompile>
    <ClCompile Include="Server.cpp">
      <Filter>Source Files\Server</Filter>
    </ClCompile>
    <ClCompile Include="BlockViewer.cpp">
      <Filter>Source Files</Filter>
    </ClCompile>
    <ClCompile Include="MinerNode.cpp">
      <Filter>Source Files\Blockchain</Filter>
    </ClCompile>
  </ItemGroup>
  <ItemGroup>
    <None Include="packages.config" />
  </ItemGroup>
</Project>